// !$*UTF8*$!
{
	archiveVersion = 1;
	classes = {
	};
	objectVersion = 55;
	objects = {

/* Begin PBXBuildFile section */
		5A02CACE28085EFE00A7A19B /* AppDelegate.swift in Sources */ = {isa = PBXBuildFile; fileRef = 5A02CACD28085EFE00A7A19B /* AppDelegate.swift */; };
		5A02CAD028085EFE00A7A19B /* SceneDelegate.swift in Sources */ = {isa = PBXBuildFile; fileRef = 5A02CACF28085EFE00A7A19B /* SceneDelegate.swift */; };
		5A02CAD828085EFE00A7A19B /* Armagedon2022.xcdatamodeld in Sources */ = {isa = PBXBuildFile; fileRef = 5A02CAD628085EFE00A7A19B /* Armagedon2022.xcdatamodeld */; };
		5A02CADA28085F0000A7A19B /* Assets.xcassets in Resources */ = {isa = PBXBuildFile; fileRef = 5A02CAD928085F0000A7A19B /* Assets.xcassets */; };
		5A02CADD28085F0000A7A19B /* LaunchScreen.storyboard in Resources */ = {isa = PBXBuildFile; fileRef = 5A02CADB28085F0000A7A19B /* LaunchScreen.storyboard */; };
		5A02CAE728085F7800A7A19B /* UIViewController+Ext.swift in Sources */ = {isa = PBXBuildFile; fileRef = 5A02CAE528085F7800A7A19B /* UIViewController+Ext.swift */; };
		5A02CAE828085F7800A7A19B /* UIView+Ext.swift in Sources */ = {isa = PBXBuildFile; fileRef = 5A02CAE628085F7800A7A19B /* UIView+Ext.swift */; };
		5A02CAFB28085F8200A7A19B /* DataWorker.swift in Sources */ = {isa = PBXBuildFile; fileRef = 5A02CAEA28085F8100A7A19B /* DataWorker.swift */; };
		5A02CAFC28085F8200A7A19B /* NetworkWorker.swift in Sources */ = {isa = PBXBuildFile; fileRef = 5A02CAEB28085F8100A7A19B /* NetworkWorker.swift */; };
		5A02CAFD28085F8200A7A19B /* CoreDataWorker.swift in Sources */ = {isa = PBXBuildFile; fileRef = 5A02CAEC28085F8100A7A19B /* CoreDataWorker.swift */; };
		5A02CAFE28085F8200A7A19B /* DeliveryApp.xcdatamodeld in Sources */ = {isa = PBXBuildFile; fileRef = 5A02CAEE28085F8100A7A19B /* DeliveryApp.xcdatamodeld */; };
		5A02CAFF28085F8200A7A19B /* ArmageddonCD.xcdatamodeld in Sources */ = {isa = PBXBuildFile; fileRef = 5A02CAF128085F8100A7A19B /* ArmageddonCD.xcdatamodeld */; };
		5A02CB0028085F8200A7A19B /* FileWorker.swift in Sources */ = {isa = PBXBuildFile; fileRef = 5A02CAF328085F8100A7A19B /* FileWorker.swift */; };
		5A02CB0128085F8200A7A19B /* UserDefaultsWorker.swift in Sources */ = {isa = PBXBuildFile; fileRef = 5A02CAF428085F8100A7A19B /* UserDefaultsWorker.swift */; };
		5A02CB0228085F8200A7A19B /* JSONWorker.swift in Sources */ = {isa = PBXBuildFile; fileRef = 5A02CAF528085F8100A7A19B /* JSONWorker.swift */; };
		5A02CB0328085F8200A7A19B /* ImageWorker.swift in Sources */ = {isa = PBXBuildFile; fileRef = 5A02CAF628085F8100A7A19B /* ImageWorker.swift */; };
		5A02CB0428085F8200A7A19B /* DestroyListViewController.swift in Sources */ = {isa = PBXBuildFile; fileRef = 5A02CAF828085F8200A7A19B /* DestroyListViewController.swift */; };
		5A02CB0528085F8200A7A19B /* FiltersViewController.swift in Sources */ = {isa = PBXBuildFile; fileRef = 5A02CAF928085F8200A7A19B /* FiltersViewController.swift */; };
		5A02CB0628085F8200A7A19B /* AsteroidListViewController.swift in Sources */ = {isa = PBXBuildFile; fileRef = 5A02CAFA28085F8200A7A19B /* AsteroidListViewController.swift */; };
		5A02CB0928085F8C00A7A19B /* ProjectCoordinator.swift in Sources */ = {isa = PBXBuildFile; fileRef = 5A02CB0728085F8B00A7A19B /* ProjectCoordinator.swift */; };
		5A02CB0A28085F8C00A7A19B /* Enums.swift in Sources */ = {isa = PBXBuildFile; fileRef = 5A02CB0828085F8C00A7A19B /* Enums.swift */; };
		5A02CB1328087C0F00A7A19B /* DateWorker.swift in Sources */ = {isa = PBXBuildFile; fileRef = 5A02CB1228087C0F00A7A19B /* DateWorker.swift */; };
/* End PBXBuildFile section */

/* Begin PBXFileReference section */
		5A02CACA28085EFE00A7A19B /* Armagedon 2022.app */ = {isa = PBXFileReference; explicitFileType = wrapper.application; includeInIndex = 0; path = "Armagedon 2022.app"; sourceTree = BUILT_PRODUCTS_DIR; };
		5A02CACD28085EFE00A7A19B /* AppDelegate.swift */ = {isa = PBXFileReference; lastKnownFileType = sourcecode.swift; path = AppDelegate.swift; sourceTree = "<group>"; };
		5A02CACF28085EFE00A7A19B /* SceneDelegate.swift */ = {isa = PBXFileReference; lastKnownFileType = sourcecode.swift; path = SceneDelegate.swift; sourceTree = "<group>"; };
		5A02CAD728085EFE00A7A19B /* Armagedon_2022.xcdatamodel */ = {isa = PBXFileReference; lastKnownFileType = wrapper.xcdatamodel; path = Armagedon_2022.xcdatamodel; sourceTree = "<group>"; };
		5A02CAD928085F0000A7A19B /* Assets.xcassets */ = {isa = PBXFileReference; lastKnownFileType = folder.assetcatalog; path = Assets.xcassets; sourceTree = "<group>"; };
		5A02CADC28085F0000A7A19B /* Base */ = {isa = PBXFileReference; lastKnownFileType = file.storyboard; name = Base; path = Base.lproj/LaunchScreen.storyboard; sourceTree = "<group>"; };
		5A02CADE28085F0000A7A19B /* Info.plist */ = {isa = PBXFileReference; lastKnownFileType = text.plist.xml; path = Info.plist; sourceTree = "<group>"; };
		5A02CAE528085F7800A7A19B /* UIViewController+Ext.swift */ = {isa = PBXFileReference; fileEncoding = 4; lastKnownFileType = sourcecode.swift; path = "UIViewController+Ext.swift"; sourceTree = "<group>"; };
		5A02CAE628085F7800A7A19B /* UIView+Ext.swift */ = {isa = PBXFileReference; fileEncoding = 4; lastKnownFileType = sourcecode.swift; path = "UIView+Ext.swift"; sourceTree = "<group>"; };
		5A02CAEA28085F8100A7A19B /* DataWorker.swift */ = {isa = PBXFileReference; fileEncoding = 4; lastKnownFileType = sourcecode.swift; path = DataWorker.swift; sourceTree = "<group>"; };
		5A02CAEB28085F8100A7A19B /* NetworkWorker.swift */ = {isa = PBXFileReference; fileEncoding = 4; lastKnownFileType = sourcecode.swift; path = NetworkWorker.swift; sourceTree = "<group>"; };
		5A02CAEC28085F8100A7A19B /* CoreDataWorker.swift */ = {isa = PBXFileReference; fileEncoding = 4; lastKnownFileType = sourcecode.swift; path = CoreDataWorker.swift; sourceTree = "<group>"; };
		5A02CAEF28085F8100A7A19B /* DeliveryApp.xcdatamodel */ = {isa = PBXFileReference; lastKnownFileType = wrapper.xcdatamodel; path = DeliveryApp.xcdatamodel; sourceTree = "<group>"; };
		5A02CAF228085F8100A7A19B /* Asteroider_Test.xcdatamodel */ = {isa = PBXFileReference; lastKnownFileType = wrapper.xcdatamodel; path = Asteroider_Test.xcdatamodel; sourceTree = "<group>"; };
		5A02CAF328085F8100A7A19B /* FileWorker.swift */ = {isa = PBXFileReference; fileEncoding = 4; lastKnownFileType = sourcecode.swift; path = FileWorker.swift; sourceTree = "<group>"; };
		5A02CAF428085F8100A7A19B /* UserDefaultsWorker.swift */ = {isa = PBXFileReference; fileEncoding = 4; lastKnownFileType = sourcecode.swift; path = UserDefaultsWorker.swift; sourceTree = "<group>"; };
		5A02CAF528085F8100A7A19B /* JSONWorker.swift */ = {isa = PBXFileReference; fileEncoding = 4; lastKnownFileType = sourcecode.swift; path = JSONWorker.swift; sourceTree = "<group>"; };
		5A02CAF628085F8100A7A19B /* ImageWorker.swift */ = {isa = PBXFileReference; fileEncoding = 4; lastKnownFileType = sourcecode.swift; path = ImageWorker.swift; sourceTree = "<group>"; };
		5A02CAF828085F8200A7A19B /* DestroyListViewController.swift */ = {isa = PBXFileReference; fileEncoding = 4; lastKnownFileType = sourcecode.swift; path = DestroyListViewController.swift; sourceTree = "<group>"; };
		5A02CAF928085F8200A7A19B /* FiltersViewController.swift */ = {isa = PBXFileReference; fileEncoding = 4; lastKnownFileType = sourcecode.swift; path = FiltersViewController.swift; sourceTree = "<group>"; };
		5A02CAFA28085F8200A7A19B /* AsteroidListViewController.swift */ = {isa = PBXFileReference; fileEncoding = 4; lastKnownFileType = sourcecode.swift; path = AsteroidListViewController.swift; sourceTree = "<group>"; };
		5A02CB0728085F8B00A7A19B /* ProjectCoordinator.swift */ = {isa = PBXFileReference; fileEncoding = 4; lastKnownFileType = sourcecode.swift; path = ProjectCoordinator.swift; sourceTree = "<group>"; };
		5A02CB0828085F8C00A7A19B /* Enums.swift */ = {isa = PBXFileReference; fileEncoding = 4; lastKnownFileType = sourcecode.swift; path = Enums.swift; sourceTree = "<group>"; };
		5A02CB1228087C0F00A7A19B /* DateWorker.swift */ = {isa = PBXFileReference; fileEncoding = 4; lastKnownFileType = sourcecode.swift; path = DateWorker.swift; sourceTree = "<group>"; };
/* End PBXFileReference section */

/* Begin PBXFrameworksBuildPhase section */
		5A02CAC728085EFD00A7A19B /* Frameworks */ = {
			isa = PBXFrameworksBuildPhase;
			buildActionMask = 2147483647;
			files = (
			);
			runOnlyForDeploymentPostprocessing = 0;
		};
/* End PBXFrameworksBuildPhase section */

/* Begin PBXGroup section */
		5A02CAC128085EFD00A7A19B = {
			isa = PBXGroup;
			children = (
				5A02CACC28085EFE00A7A19B /* Armagedon 2022 */,
				5A02CACB28085EFE00A7A19B /* Products */,
			);
			sourceTree = "<group>";
		};
		5A02CACB28085EFE00A7A19B /* Products */ = {
			isa = PBXGroup;
			children = (
				5A02CACA28085EFE00A7A19B /* Armagedon 2022.app */,
			);
			name = Products;
			sourceTree = "<group>";
		};
		5A02CACC28085EFE00A7A19B /* Armagedon 2022 */ = {
			isa = PBXGroup;
			children = (
				5A02CACD28085EFE00A7A19B /* AppDelegate.swift */,
				5A02CACF28085EFE00A7A19B /* SceneDelegate.swift */,
				5A02CB0728085F8B00A7A19B /* ProjectCoordinator.swift */,
				5A02CB0828085F8C00A7A19B /* Enums.swift */,
				5A02CAF728085F8200A7A19B /* Views */,
				5A02CAE928085F8100A7A19B /* Workers */,
				5A02CAE428085F7800A7A19B /* Extension */,
				5A02CADB28085F0000A7A19B /* LaunchScreen.storyboard */,
				5A02CAD928085F0000A7A19B /* Assets.xcassets */,
				5A02CADE28085F0000A7A19B /* Info.plist */,
				5A02CAD628085EFE00A7A19B /* Armagedon2022.xcdatamodeld */,
			);
			path = "Armagedon 2022";
			sourceTree = "<group>";
		};
		5A02CAE428085F7800A7A19B /* Extension */ = {
			isa = PBXGroup;
			children = (
				5A02CAE528085F7800A7A19B /* UIViewController+Ext.swift */,
				5A02CAE628085F7800A7A19B /* UIView+Ext.swift */,
			);
			path = Extension;
			sourceTree = "<group>";
		};
		5A02CAE928085F8100A7A19B /* Workers */ = {
			isa = PBXGroup;
			children = (
				5A02CAEA28085F8100A7A19B /* DataWorker.swift */,
				5A02CAEB28085F8100A7A19B /* NetworkWorker.swift */,
				5A02CAF328085F8100A7A19B /* FileWorker.swift */,
				5A02CAF428085F8100A7A19B /* UserDefaultsWorker.swift */,
				5A02CAF528085F8100A7A19B /* JSONWorker.swift */,
				5A02CAF628085F8100A7A19B /* ImageWorker.swift */,
				5A02CB1228087C0F00A7A19B /* DateWorker.swift */,
				5A02CAEC28085F8100A7A19B /* CoreDataWorker.swift */,
				5A02CAED28085F8100A7A19B /* CoreDataItems */,
			);
			path = Workers;
			sourceTree = "<group>";
		};
		5A02CAED28085F8100A7A19B /* CoreDataItems */ = {
			isa = PBXGroup;
			children = (
				5A02CAEE28085F8100A7A19B /* DeliveryApp.xcdatamodeld */,
				5A02CAF028085F8100A7A19B /* CoreDataModels */,
			);
			path = CoreDataItems;
			sourceTree = "<group>";
		};
		5A02CAF028085F8100A7A19B /* CoreDataModels */ = {
			isa = PBXGroup;
			children = (
				5A02CAF128085F8100A7A19B /* ArmageddonCD.xcdatamodeld */,
			);
			path = CoreDataModels;
			sourceTree = "<group>";
		};
		5A02CAF728085F8200A7A19B /* Views */ = {
			isa = PBXGroup;
			children = (
				5A02CAF828085F8200A7A19B /* DestroyListViewController.swift */,
				5A02CAF928085F8200A7A19B /* FiltersViewController.swift */,
				5A02CAFA28085F8200A7A19B /* AsteroidListViewController.swift */,
			);
			path = Views;
			sourceTree = "<group>";
		};
/* End PBXGroup section */

/* Begin PBXNativeTarget section */
		5A02CAC928085EFD00A7A19B /* Armagedon 2022 */ = {
			isa = PBXNativeTarget;
			buildConfigurationList = 5A02CAE128085F0000A7A19B /* Build configuration list for PBXNativeTarget "Armagedon 2022" */;
			buildPhases = (
				5A02CAC628085EFD00A7A19B /* Sources */,
				5A02CAC728085EFD00A7A19B /* Frameworks */,
				5A02CAC828085EFD00A7A19B /* Resources */,
			);
			buildRules = (
			);
			dependencies = (
			);
			name = "Armagedon 2022";
			productName = "Armagedon 2022";
			productReference = 5A02CACA28085EFE00A7A19B /* Armagedon 2022.app */;
			productType = "com.apple.product-type.application";
		};
/* End PBXNativeTarget section */

/* Begin PBXProject section */
		5A02CAC228085EFD00A7A19B /* Project object */ = {
			isa = PBXProject;
			attributes = {
				BuildIndependentTargetsInParallel = 1;
				LastSwiftUpdateCheck = 1310;
				LastUpgradeCheck = 1310;
				TargetAttributes = {
					5A02CAC928085EFD00A7A19B = {
						CreatedOnToolsVersion = 13.1;
					};
				};
			};
			buildConfigurationList = 5A02CAC528085EFD00A7A19B /* Build configuration list for PBXProject "Armagedon 2022" */;
			compatibilityVersion = "Xcode 13.0";
			developmentRegion = en;
			hasScannedForEncodings = 0;
			knownRegions = (
				en,
				Base,
			);
			mainGroup = 5A02CAC128085EFD00A7A19B;
			productRefGroup = 5A02CACB28085EFE00A7A19B /* Products */;
			projectDirPath = "";
			projectRoot = "";
			targets = (
				5A02CAC928085EFD00A7A19B /* Armagedon 2022 */,
			);
		};
/* End PBXProject section */

/* Begin PBXResourcesBuildPhase section */
		5A02CAC828085EFD00A7A19B /* Resources */ = {
			isa = PBXResourcesBuildPhase;
			buildActionMask = 2147483647;
			files = (
				5A02CADD28085F0000A7A19B /* LaunchScreen.storyboard in Resources */,
				5A02CADA28085F0000A7A19B /* Assets.xcassets in Resources */,
			);
			runOnlyForDeploymentPostprocessing = 0;
		};
/* End PBXResourcesBuildPhase section */

/* Begin PBXSourcesBuildPhase section */
		5A02CAC628085EFD00A7A19B /* Sources */ = {
			isa = PBXSourcesBuildPhase;
			buildActionMask = 2147483647;
			files = (
				5A02CACE28085EFE00A7A19B /* AppDelegate.swift in Sources */,
				5A02CB0428085F8200A7A19B /* DestroyListViewController.swift in Sources */,
				5A02CAFE28085F8200A7A19B /* DeliveryApp.xcdatamodeld in Sources */,
				5A02CAD828085EFE00A7A19B /* Armagedon2022.xcdatamodeld in Sources */,
				5A02CAE828085F7800A7A19B /* UIView+Ext.swift in Sources */,
				5A02CB0128085F8200A7A19B /* UserDefaultsWorker.swift in Sources */,
				5A02CAE728085F7800A7A19B /* UIViewController+Ext.swift in Sources */,
				5A02CAFD28085F8200A7A19B /* CoreDataWorker.swift in Sources */,
				5A02CB0928085F8C00A7A19B /* ProjectCoordinator.swift in Sources */,
				5A02CAFF28085F8200A7A19B /* ArmageddonCD.xcdatamodeld in Sources */,
				5A02CB0228085F8200A7A19B /* JSONWorker.swift in Sources */,
				5A02CAFC28085F8200A7A19B /* NetworkWorker.swift in Sources */,
				5A02CB0628085F8200A7A19B /* AsteroidListViewController.swift in Sources */,
				5A02CAD028085EFE00A7A19B /* SceneDelegate.swift in Sources */,
				5A02CB0328085F8200A7A19B /* ImageWorker.swift in Sources */,
				5A02CAFB28085F8200A7A19B /* DataWorker.swift in Sources */,
				5A02CB0528085F8200A7A19B /* FiltersViewController.swift in Sources */,
				5A02CB0028085F8200A7A19B /* FileWorker.swift in Sources */,
				5A02CB0A28085F8C00A7A19B /* Enums.swift in Sources */,
				5A02CB1328087C0F00A7A19B /* DateWorker.swift in Sources */,
			);
			runOnlyForDeploymentPostprocessing = 0;
		};
/* End PBXSourcesBuildPhase section */

/* Begin PBXVariantGroup section */
		5A02CADB28085F0000A7A19B /* LaunchScreen.storyboard */ = {
			isa = PBXVariantGroup;
			children = (
				5A02CADC28085F0000A7A19B /* Base */,
			);
			name = LaunchScreen.storyboard;
			sourceTree = "<group>";
		};
/* End PBXVariantGroup section */

/* Begin XCBuildConfiguration section */
		5A02CADF28085F0000A7A19B /* Debug */ = {
			isa = XCBuildConfiguration;
			buildSettings = {
				ALWAYS_SEARCH_USER_PATHS = NO;
				CLANG_ANALYZER_NONNULL = YES;
				CLANG_ANALYZER_NUMBER_OBJECT_CONVERSION = YES_AGGRESSIVE;
				CLANG_CXX_LANGUAGE_STANDARD = "gnu++17";
				CLANG_CXX_LIBRARY = "libc++";
				CLANG_ENABLE_MODULES = YES;
				CLANG_ENABLE_OBJC_ARC = YES;
				CLANG_ENABLE_OBJC_WEAK = YES;
				CLANG_WARN_BLOCK_CAPTURE_AUTORELEASING = YES;
				CLANG_WARN_BOOL_CONVERSION = YES;
				CLANG_WARN_COMMA = YES;
				CLANG_WARN_CONSTANT_CONVERSION = YES;
				CLANG_WARN_DEPRECATED_OBJC_IMPLEMENTATIONS = YES;
				CLANG_WARN_DIRECT_OBJC_ISA_USAGE = YES_ERROR;
				CLANG_WARN_DOCUMENTATION_COMMENTS = YES;
				CLANG_WARN_EMPTY_BODY = YES;
				CLANG_WARN_ENUM_CONVERSION = YES;
				CLANG_WARN_INFINITE_RECURSION = YES;
				CLANG_WARN_INT_CONVERSION = YES;
				CLANG_WARN_NON_LITERAL_NULL_CONVERSION = YES;
				CLANG_WARN_OBJC_IMPLICIT_RETAIN_SELF = YES;
				CLANG_WARN_OBJC_LITERAL_CONVERSION = YES;
				CLANG_WARN_OBJC_ROOT_CLASS = YES_ERROR;
				CLANG_WARN_QUOTED_INCLUDE_IN_FRAMEWORK_HEADER = YES;
				CLANG_WARN_RANGE_LOOP_ANALYSIS = YES;
				CLANG_WARN_STRICT_PROTOTYPES = YES;
				CLANG_WARN_SUSPICIOUS_MOVE = YES;
				CLANG_WARN_UNGUARDED_AVAILABILITY = YES_AGGRESSIVE;
				CLANG_WARN_UNREACHABLE_CODE = YES;
				CLANG_WARN__DUPLICATE_METHOD_MATCH = YES;
				COPY_PHASE_STRIP = NO;
				DEBUG_INFORMATION_FORMAT = dwarf;
				ENABLE_STRICT_OBJC_MSGSEND = YES;
				ENABLE_TESTABILITY = YES;
				GCC_C_LANGUAGE_STANDARD = gnu11;
				GCC_DYNAMIC_NO_PIC = NO;
				GCC_NO_COMMON_BLOCKS = YES;
				GCC_OPTIMIZATION_LEVEL = 0;
				GCC_PREPROCESSOR_DEFINITIONS = (
					"DEBUG=1",
					"$(inherited)",
				);
				GCC_WARN_64_TO_32_BIT_CONVERSION = YES;
				GCC_WARN_ABOUT_RETURN_TYPE = YES_ERROR;
				GCC_WARN_UNDECLARED_SELECTOR = YES;
				GCC_WARN_UNINITIALIZED_AUTOS = YES_AGGRESSIVE;
				GCC_WARN_UNUSED_FUNCTION = YES;
				GCC_WARN_UNUSED_VARIABLE = YES;
				IPHONEOS_DEPLOYMENT_TARGET = 13.0;
				MTL_ENABLE_DEBUG_INFO = INCLUDE_SOURCE;
				MTL_FAST_MATH = YES;
				ONLY_ACTIVE_ARCH = YES;
				SDKROOT = iphoneos;
				SWIFT_ACTIVE_COMPILATION_CONDITIONS = DEBUG;
				SWIFT_OPTIMIZATION_LEVEL = "-Onone";
			};
			name = Debug;
		};
		5A02CAE028085F0000A7A19B /* Release */ = {
			isa = XCBuildConfiguration;
			buildSettings = {
				ALWAYS_SEARCH_USER_PATHS = NO;
				CLANG_ANALYZER_NONNULL = YES;
				CLANG_ANALYZER_NUMBER_OBJECT_CONVERSION = YES_AGGRESSIVE;
				CLANG_CXX_LANGUAGE_STANDARD = "gnu++17";
				CLANG_CXX_LIBRARY = "libc++";
				CLANG_ENABLE_MODULES = YES;
				CLANG_ENABLE_OBJC_ARC = YES;
				CLANG_ENABLE_OBJC_WEAK = YES;
				CLANG_WARN_BLOCK_CAPTURE_AUTORELEASING = YES;
				CLANG_WARN_BOOL_CONVERSION = YES;
				CLANG_WARN_COMMA = YES;
				CLANG_WARN_CONSTANT_CONVERSION = YES;
				CLANG_WARN_DEPRECATED_OBJC_IMPLEMENTATIONS = YES;
				CLANG_WARN_DIRECT_OBJC_ISA_USAGE = YES_ERROR;
				CLANG_WARN_DOCUMENTATION_COMMENTS = YES;
				CLANG_WARN_EMPTY_BODY = YES;
				CLANG_WARN_ENUM_CONVERSION = YES;
				CLANG_WARN_INFINITE_RECURSION = YES;
				CLANG_WARN_INT_CONVERSION = YES;
				CLANG_WARN_NON_LITERAL_NULL_CONVERSION = YES;
				CLANG_WARN_OBJC_IMPLICIT_RETAIN_SELF = YES;
				CLANG_WARN_OBJC_LITERAL_CONVERSION = YES;
				CLANG_WARN_OBJC_ROOT_CLASS = YES_ERROR;
				CLANG_WARN_QUOTED_INCLUDE_IN_FRAMEWORK_HEADER = YES;
				CLANG_WARN_RANGE_LOOP_ANALYSIS = YES;
				CLANG_WARN_STRICT_PROTOTYPES = YES;
				CLANG_WARN_SUSPICIOUS_MOVE = YES;
				CLANG_WARN_UNGUARDED_AVAILABILITY = YES_AGGRESSIVE;
				CLANG_WARN_UNREACHABLE_CODE = YES;
				CLANG_WARN__DUPLICATE_METHOD_MATCH = YES;
				COPY_PHASE_STRIP = NO;
				DEBUG_INFORMATION_FORMAT = "dwarf-with-dsym";
				ENABLE_NS_ASSERTIONS = NO;
				ENABLE_STRICT_OBJC_MSGSEND = YES;
				GCC_C_LANGUAGE_STANDARD = gnu11;
				GCC_NO_COMMON_BLOCKS = YES;
				GCC_WARN_64_TO_32_BIT_CONVERSION = YES;
				GCC_WARN_ABOUT_RETURN_TYPE = YES_ERROR;
				GCC_WARN_UNDECLARED_SELECTOR = YES;
				GCC_WARN_UNINITIALIZED_AUTOS = YES_AGGRESSIVE;
				GCC_WARN_UNUSED_FUNCTION = YES;
				GCC_WARN_UNUSED_VARIABLE = YES;
				IPHONEOS_DEPLOYMENT_TARGET = 13.0;
				MTL_ENABLE_DEBUG_INFO = NO;
				MTL_FAST_MATH = YES;
				SDKROOT = iphoneos;
				SWIFT_COMPILATION_MODE = wholemodule;
				SWIFT_OPTIMIZATION_LEVEL = "-O";
				VALIDATE_PRODUCT = YES;
			};
			name = Release;
		};
		5A02CAE228085F0000A7A19B /* Debug */ = {
			isa = XCBuildConfiguration;
			buildSettings = {
				ASSETCATALOG_COMPILER_APPICON_NAME = AppIcon;
				ASSETCATALOG_COMPILER_GLOBAL_ACCENT_COLOR_NAME = AccentColor;
				CODE_SIGN_STYLE = Automatic;
				CURRENT_PROJECT_VERSION = 1;
				GENERATE_INFOPLIST_FILE = YES;
				INFOPLIST_FILE = "Armagedon 2022/Info.plist";
				INFOPLIST_KEY_UIApplicationSupportsIndirectInputEvents = YES;
				INFOPLIST_KEY_UILaunchStoryboardName = LaunchScreen;
				INFOPLIST_KEY_UISupportedInterfaceOrientations_iPad = "UIInterfaceOrientationPortrait UIInterfaceOrientationPortraitUpsideDown UIInterfaceOrientationLandscapeLeft UIInterfaceOrientationLandscapeRight";
				INFOPLIST_KEY_UISupportedInterfaceOrientations_iPhone = "UIInterfaceOrientationPortrait UIInterfaceOrientationLandscapeLeft UIInterfaceOrientationLandscapeRight";
				IPHONEOS_DEPLOYMENT_TARGET = 13.0;
				LD_RUNPATH_SEARCH_PATHS = (
					"$(inherited)",
					"@executable_path/Frameworks",
				);
				MARKETING_VERSION = 1.0;
				PRODUCT_BUNDLE_IDENTIFIER = "sdk.Armagedon-2022";
				PRODUCT_NAME = "$(TARGET_NAME)";
				SWIFT_EMIT_LOC_STRINGS = YES;
				SWIFT_VERSION = 5.0;
				TARGETED_DEVICE_FAMILY = "1,2";
			};
			name = Debug;
		};
		5A02CAE328085F0000A7A19B /* Release */ = {
			isa = XCBuildConfiguration;
			buildSettings = {
				ASSETCATALOG_COMPILER_APPICON_NAME = AppIcon;
				ASSETCATALOG_COMPILER_GLOBAL_ACCENT_COLOR_NAME = AccentColor;
				CODE_SIGN_STYLE = Automatic;
				CURRENT_PROJECT_VERSION = 1;
				GENERATE_INFOPLIST_FILE = YES;
				INFOPLIST_FILE = "Armagedon 2022/Info.plist";
				INFOPLIST_KEY_UIApplicationSupportsIndirectInputEvents = YES;
				INFOPLIST_KEY_UILaunchStoryboardName = LaunchScreen;
				INFOPLIST_KEY_UISupportedInterfaceOrientations_iPad = "UIInterfaceOrientationPortrait UIInterfaceOrientationPortraitUpsideDown UIInterfaceOrientationLandscapeLeft UIInterfaceOrientationLandscapeRight";
				INFOPLIST_KEY_UISupportedInterfaceOrientations_iPhone = "UIInterfaceOrientationPortrait UIInterfaceOrientationLandscapeLeft UIInterfaceOrientationLandscapeRight";
				IPHONEOS_DEPLOYMENT_TARGET = 13.0;
				LD_RUNPATH_SEARCH_PATHS = (
					"$(inherited)",
					"@executable_path/Frameworks",
				);
				MARKETING_VERSION = 1.0;
				PRODUCT_BUNDLE_IDENTIFIER = "sdk.Armagedon-2022";
				PRODUCT_NAME = "$(TARGET_NAME)";
				SWIFT_EMIT_LOC_STRINGS = YES;
				SWIFT_VERSION = 5.0;
				TARGETED_DEVICE_FAMILY = "1,2";
			};
			name = Release;
		};
/* End XCBuildConfiguration section */

/* Begin XCConfigurationList section */
		5A02CAC528085EFD00A7A19B /* Build configuration list for PBXProject "Armagedon 2022" */ = {
			isa = XCConfigurationList;
			buildConfigurations = (
				5A02CADF28085F0000A7A19B /* Debug */,
				5A02CAE028085F0000A7A19B /* Release */,
			);
			defaultConfigurationIsVisible = 0;
			defaultConfigurationName = Release;
		};
		5A02CAE128085F0000A7A19B /* Build configuration list for PBXNativeTarget "Armagedon 2022" */ = {
			isa = XCConfigurationList;
			buildConfigurations = (
				5A02CAE228085F0000A7A19B /* Debug */,
				5A02CAE328085F0000A7A19B /* Release */,
			);
			defaultConfigurationIsVisible = 0;
			defaultConfigurationName = Release;
		};
/* End XCConfigurationList section */

/* Begin XCVersionGroup section */
		5A02CAD628085EFE00A7A19B /* Armagedon2022.xcdatamodeld */ = {
			isa = XCVersionGroup;
			children = (
				5A02CAD728085EFE00A7A19B /* Armagedon_2022.xcdatamodel */,
			);
			currentVersion = 5A02CAD728085EFE00A7A19B /* Armagedon_2022.xcdatamodel */;
			path = Armagedon2022.xcdatamodeld;
			sourceTree = "<group>";
			versionGroupType = wrapper.xcdatamodel;
		};
		5A02CAEE28085F8100A7A19B /* DeliveryApp.xcdatamodeld */ = {
			isa = XCVersionGroup;
			children = (
				5A02CAEF28085F8100A7A19B /* DeliveryApp.xcdatamodel */,
			);
			currentVersion = 5A02CAEF28085F8100A7A19B /* DeliveryApp.xcdatamodel */;
			path = DeliveryApp.xcdatamodeld;
			sourceTree = "<group>";
			versionGroupType = wrapper.xcdatamodel;
		};
		5A02CAF128085F8100A7A19B /* ArmageddonCD.xcdatamodeld */ = {
			isa = XCVersionGroup;
			children = (
				5A02CAF228085F8100A7A19B /* Asteroider_Test.xcdatamodel */,
			);
			currentVersion = 5A02CAF228085F8100A7A19B /* Asteroider_Test.xcdatamodel */;
			path = ArmageddonCD.xcdatamodeld;
			sourceTree = "<group>";
			versionGroupType = wrapper.xcdatamodel;
		};
/* End XCVersionGroup section */
	};
	rootObject = 5A02CAC228085EFD00A7A19B /* Project object */;
}
